// !$*UTF8*$!
{
	archiveVersion = 1;
	classes = {
	};
	objectVersion = 46;
	objects = {

/* Begin PBXBuildFile section */
		5932022D166AAB6100B7C8CC /* MBProgressHUD.m in Sources */ = {isa = PBXBuildFile; fileRef = 5932022C166AAB6100B7C8CC /* MBProgressHUD.m */; };
		59320231166AC4A900B7C8CC /* TMViewController.xib in Resources */ = {isa = PBXBuildFile; fileRef = 5932022F166AC4A900B7C8CC /* TMViewController.xib */; };
		59B1DB39160E5672000F4EFB /* UIKit.framework in Frameworks */ = {isa = PBXBuildFile; fileRef = 59B1DB38160E5672000F4EFB /* UIKit.framework */; };
		59B1DB3B160E5672000F4EFB /* Foundation.framework in Frameworks */ = {isa = PBXBuildFile; fileRef = 59B1DB3A160E5672000F4EFB /* Foundation.framework */; };
		59B1DB3D160E5672000F4EFB /* CoreGraphics.framework in Frameworks */ = {isa = PBXBuildFile; fileRef = 59B1DB3C160E5672000F4EFB /* CoreGraphics.framework */; };
		59B1DB43160E5672000F4EFB /* InfoPlist.strings in Resources */ = {isa = PBXBuildFile; fileRef = 59B1DB41160E5672000F4EFB /* InfoPlist.strings */; };
		59B1DB45160E5672000F4EFB /* main.m in Sources */ = {isa = PBXBuildFile; fileRef = 59B1DB44160E5672000F4EFB /* main.m */; };
		59B1DB49160E5672000F4EFB /* TMAppDelegate.m in Sources */ = {isa = PBXBuildFile; fileRef = 59B1DB48160E5672000F4EFB /* TMAppDelegate.m */; };
		59B1DB4B160E5672000F4EFB /* Default.png in Resources */ = {isa = PBXBuildFile; fileRef = 59B1DB4A160E5672000F4EFB /* Default.png */; };
		59B1DB4D160E5672000F4EFB /* Default@2x.png in Resources */ = {isa = PBXBuildFile; fileRef = 59B1DB4C160E5672000F4EFB /* Default@2x.png */; };
		59B1DB4F160E5672000F4EFB /* Default-568h@2x.png in Resources */ = {isa = PBXBuildFile; fileRef = 59B1DB4E160E5672000F4EFB /* Default-568h@2x.png */; };
		59B1DB58160E5672000F4EFB /* TMViewController.m in Sources */ = {isa = PBXBuildFile; fileRef = 59B1DB57160E5672000F4EFB /* TMViewController.m */; };
		59B1DB5F160E56AC000F4EFB /* MapKit.framework in Frameworks */ = {isa = PBXBuildFile; fileRef = 59B1DB5E160E56AC000F4EFB /* MapKit.framework */; };
		59B1DB61160E56B1000F4EFB /* CoreLocation.framework in Frameworks */ = {isa = PBXBuildFile; fileRef = 59B1DB60160E56B1000F4EFB /* CoreLocation.framework */; };
		59B1DB6E160F738C000F4EFB /* TMTripSegment.m in Sources */ = {isa = PBXBuildFile; fileRef = 59B1DB6D160F738C000F4EFB /* TMTripSegment.m */; };
		59B1DB71160F7829000F4EFB /* NSString+StripHTMLTags.m in Sources */ = {isa = PBXBuildFile; fileRef = 59B1DB70160F7829000F4EFB /* NSString+StripHTMLTags.m */; };
		59B1DB74160F813C000F4EFB /* TMTrip.m in Sources */ = {isa = PBXBuildFile; fileRef = 59B1DB73160F813C000F4EFB /* TMTrip.m */; };
		59B1DB77160F8315000F4EFB /* NSString+GMapsPolylineDecoding.m in Sources */ = {isa = PBXBuildFile; fileRef = 59B1DB76160F8315000F4EFB /* NSString+GMapsPolylineDecoding.m */; };
		59B1DB7E160F847D000F4EFB /* CLLocation+GMapsLocationDecoding.m in Sources */ = {isa = PBXBuildFile; fileRef = 59B1DB7D160F847D000F4EFB /* CLLocation+GMapsLocationDecoding.m */; };
		59B1DB81160F86DA000F4EFB /* MKPolyline+CLLocationArrayToMKOverlay.m in Sources */ = {isa = PBXBuildFile; fileRef = 59B1DB80160F86D9000F4EFB /* MKPolyline+CLLocationArrayToMKOverlay.m */; };
		59B1DB8A160F9BEF000F4EFB /* TMSegmentAnnotation.m in Sources */ = {isa = PBXBuildFile; fileRef = 59B1DB89160F9BEF000F4EFB /* TMSegmentAnnotation.m */; };
		59B1DB9416101E65000F4EFB /* TMAnnotationImageHelper.m in Sources */ = {isa = PBXBuildFile; fileRef = 59B1DB9316101E65000F4EFB /* TMAnnotationImageHelper.m */; };
		59B1DB97161021E7000F4EFB /* annotationPoint.png in Resources */ = {isa = PBXBuildFile; fileRef = 59B1DB96161021E7000F4EFB /* annotationPoint.png */; };
/* End PBXBuildFile section */

/* Begin PBXFileReference section */
		5932022B166AAB6100B7C8CC /* MBProgressHUD.h */ = {isa = PBXFileReference; fileEncoding = 4; lastKnownFileType = sourcecode.c.h; name = MBProgressHUD.h; path = Support/MBProgressHUD.h; sourceTree = "<group>"; };
		5932022C166AAB6100B7C8CC /* MBProgressHUD.m */ = {isa = PBXFileReference; fileEncoding = 4; lastKnownFileType = sourcecode.c.objc; name = MBProgressHUD.m; path = Support/MBProgressHUD.m; sourceTree = "<group>"; };
		59320230166AC4A900B7C8CC /* en */ = {isa = PBXFileReference; lastKnownFileType = file.xib; name = en; path = TransitMaps/en.lproj/TMViewController.xib; sourceTree = "<group>"; };
		59B1DB34160E5672000F4EFB /* TransitMaps.app */ = {isa = PBXFileReference; explicitFileType = wrapper.application; includeInIndex = 0; path = TransitMaps.app; sourceTree = BUILT_PRODUCTS_DIR; };
		59B1DB38160E5672000F4EFB /* UIKit.framework */ = {isa = PBXFileReference; lastKnownFileType = wrapper.framework; name = UIKit.framework; path = System/Library/Frameworks/UIKit.framework; sourceTree = SDKROOT; };
		59B1DB3A160E5672000F4EFB /* Foundation.framework */ = {isa = PBXFileReference; lastKnownFileType = wrapper.framework; name = Foundation.framework; path = System/Library/Frameworks/Foundation.framework; sourceTree = SDKROOT; };
		59B1DB3C160E5672000F4EFB /* CoreGraphics.framework */ = {isa = PBXFileReference; lastKnownFileType = wrapper.framework; name = CoreGraphics.framework; path = System/Library/Frameworks/CoreGraphics.framework; sourceTree = SDKROOT; };
		59B1DB40160E5672000F4EFB /* TransitMaps-Info.plist */ = {isa = PBXFileReference; lastKnownFileType = text.plist.xml; path = "TransitMaps-Info.plist"; sourceTree = "<group>"; };
		59B1DB42160E5672000F4EFB /* en */ = {isa = PBXFileReference; lastKnownFileType = text.plist.strings; name = en; path = en.lproj/InfoPlist.strings; sourceTree = "<group>"; };
		59B1DB44160E5672000F4EFB /* main.m */ = {isa = PBXFileReference; lastKnownFileType = sourcecode.c.objc; path = main.m; sourceTree = "<group>"; };
		59B1DB46160E5672000F4EFB /* TransitMaps-Prefix.pch */ = {isa = PBXFileReference; lastKnownFileType = sourcecode.c.h; path = "TransitMaps-Prefix.pch"; sourceTree = "<group>"; };
		59B1DB47160E5672000F4EFB /* TMAppDelegate.h */ = {isa = PBXFileReference; lastKnownFileType = sourcecode.c.h; path = TMAppDelegate.h; sourceTree = "<group>"; };
		59B1DB48160E5672000F4EFB /* TMAppDelegate.m */ = {isa = PBXFileReference; lastKnownFileType = sourcecode.c.objc; path = TMAppDelegate.m; sourceTree = "<group>"; };
		59B1DB4A160E5672000F4EFB /* Default.png */ = {isa = PBXFileReference; lastKnownFileType = image.png; path = Default.png; sourceTree = "<group>"; };
		59B1DB4C160E5672000F4EFB /* Default@2x.png */ = {isa = PBXFileReference; lastKnownFileType = image.png; path = "Default@2x.png"; sourceTree = "<group>"; };
		59B1DB4E160E5672000F4EFB /* Default-568h@2x.png */ = {isa = PBXFileReference; lastKnownFileType = image.png; path = "Default-568h@2x.png"; sourceTree = "<group>"; };
		59B1DB56160E5672000F4EFB /* TMViewController.h */ = {isa = PBXFileReference; lastKnownFileType = sourcecode.c.h; path = TMViewController.h; sourceTree = "<group>"; };
		59B1DB57160E5672000F4EFB /* TMViewController.m */ = {isa = PBXFileReference; lastKnownFileType = sourcecode.c.objc; path = TMViewController.m; sourceTree = "<group>"; };
		59B1DB5E160E56AC000F4EFB /* MapKit.framework */ = {isa = PBXFileReference; lastKnownFileType = wrapper.framework; name = MapKit.framework; path = System/Library/Frameworks/MapKit.framework; sourceTree = SDKROOT; };
		59B1DB60160E56B1000F4EFB /* CoreLocation.framework */ = {isa = PBXFileReference; lastKnownFileType = wrapper.framework; name = CoreLocation.framework; path = System/Library/Frameworks/CoreLocation.framework; sourceTree = SDKROOT; };
		59B1DB6C160F738C000F4EFB /* TMTripSegment.h */ = {isa = PBXFileReference; fileEncoding = 4; lastKnownFileType = sourcecode.c.h; name = TMTripSegment.h; path = Support/TMTripSegment.h; sourceTree = "<group>"; };
		59B1DB6D160F738C000F4EFB /* TMTripSegment.m */ = {isa = PBXFileReference; fileEncoding = 4; lastKnownFileType = sourcecode.c.objc; name = TMTripSegment.m; path = Support/TMTripSegment.m; sourceTree = "<group>"; };
		59B1DB6F160F7829000F4EFB /* NSString+StripHTMLTags.h */ = {isa = PBXFileReference; fileEncoding = 4; lastKnownFileType = sourcecode.c.h; name = "NSString+StripHTMLTags.h"; path = "Support/NSString+StripHTMLTags.h"; sourceTree = "<group>"; };
		59B1DB70160F7829000F4EFB /* NSString+StripHTMLTags.m */ = {isa = PBXFileReference; fileEncoding = 4; lastKnownFileType = sourcecode.c.objc; name = "NSString+StripHTMLTags.m"; path = "Support/NSString+StripHTMLTags.m"; sourceTree = "<group>"; };
		59B1DB72160F813C000F4EFB /* TMTrip.h */ = {isa = PBXFileReference; fileEncoding = 4; lastKnownFileType = sourcecode.c.h; name = TMTrip.h; path = Support/TMTrip.h; sourceTree = "<group>"; };
		59B1DB73160F813C000F4EFB /* TMTrip.m */ = {isa = PBXFileReference; fileEncoding = 4; lastKnownFileType = sourcecode.c.objc; name = TMTrip.m; path = Support/TMTrip.m; sourceTree = "<group>"; };
		59B1DB75160F8315000F4EFB /* NSString+GMapsPolylineDecoding.h */ = {isa = PBXFileReference; fileEncoding = 4; lastKnownFileType = sourcecode.c.h; name = "NSString+GMapsPolylineDecoding.h"; path = "Support/NSString+GMapsPolylineDecoding.h"; sourceTree = "<group>"; };
		59B1DB76160F8315000F4EFB /* NSString+GMapsPolylineDecoding.m */ = {isa = PBXFileReference; fileEncoding = 4; lastKnownFileType = sourcecode.c.objc; name = "NSString+GMapsPolylineDecoding.m"; path = "Support/NSString+GMapsPolylineDecoding.m"; sourceTree = "<group>"; };
		59B1DB7C160F847D000F4EFB /* CLLocation+GMapsLocationDecoding.h */ = {isa = PBXFileReference; fileEncoding = 4; lastKnownFileType = sourcecode.c.h; name = "CLLocation+GMapsLocationDecoding.h"; path = "Support/CLLocation+GMapsLocationDecoding.h"; sourceTree = "<group>"; };
		59B1DB7D160F847D000F4EFB /* CLLocation+GMapsLocationDecoding.m */ = {isa = PBXFileReference; fileEncoding = 4; lastKnownFileType = sourcecode.c.objc; name = "CLLocation+GMapsLocationDecoding.m"; path = "Support/CLLocation+GMapsLocationDecoding.m"; sourceTree = "<group>"; };
		59B1DB7F160F86D9000F4EFB /* MKPolyline+CLLocationArrayToMKOverlay.h */ = {isa = PBXFileReference; fileEncoding = 4; lastKnownFileType = sourcecode.c.h; name = "MKPolyline+CLLocationArrayToMKOverlay.h"; path = "Support/MKPolyline+CLLocationArrayToMKOverlay.h"; sourceTree = "<group>"; };
		59B1DB80160F86D9000F4EFB /* MKPolyline+CLLocationArrayToMKOverlay.m */ = {isa = PBXFileReference; fileEncoding = 4; lastKnownFileType = sourcecode.c.objc; name = "MKPolyline+CLLocationArrayToMKOverlay.m"; path = "Support/MKPolyline+CLLocationArrayToMKOverlay.m"; sourceTree = "<group>"; };
		59B1DB88160F9BEF000F4EFB /* TMSegmentAnnotation.h */ = {isa = PBXFileReference; fileEncoding = 4; lastKnownFileType = sourcecode.c.h; name = TMSegmentAnnotation.h; path = Annotations/TMSegmentAnnotation.h; sourceTree = "<group>"; };
		59B1DB89160F9BEF000F4EFB /* TMSegmentAnnotation.m */ = {isa = PBXFileReference; fileEncoding = 4; lastKnownFileType = sourcecode.c.objc; name = TMSegmentAnnotation.m; path = Annotations/TMSegmentAnnotation.m; sourceTree = "<group>"; };
		59B1DB9216101E65000F4EFB /* TMAnnotationImageHelper.h */ = {isa = PBXFileReference; fileEncoding = 4; lastKnownFileType = sourcecode.c.h; name = TMAnnotationImageHelper.h; path = Support/TMAnnotationImageHelper.h; sourceTree = "<group>"; };
		59B1DB9316101E65000F4EFB /* TMAnnotationImageHelper.m */ = {isa = PBXFileReference; fileEncoding = 4; lastKnownFileType = sourcecode.c.objc; name = TMAnnotationImageHelper.m; path = Support/TMAnnotationImageHelper.m; sourceTree = "<group>"; };
		59B1DB96161021E7000F4EFB /* annotationPoint.png */ = {isa = PBXFileReference; lastKnownFileType = image.png; path = annotationPoint.png; sourceTree = "<group>"; };
/* End PBXFileReference section */

/* Begin PBXFrameworksBuildPhase section */
		59B1DB31160E5672000F4EFB /* Frameworks */ = {
			isa = PBXFrameworksBuildPhase;
			buildActionMask = 2147483647;
			files = (
				59B1DB61160E56B1000F4EFB /* CoreLocation.framework in Frameworks */,
				59B1DB5F160E56AC000F4EFB /* MapKit.framework in Frameworks */,
				59B1DB39160E5672000F4EFB /* UIKit.framework in Frameworks */,
				59B1DB3B160E5672000F4EFB /* Foundation.framework in Frameworks */,
				59B1DB3D160E5672000F4EFB /* CoreGraphics.framework in Frameworks */,
			);
			runOnlyForDeploymentPostprocessing = 0;
		};
/* End PBXFrameworksBuildPhase section */

/* Begin PBXGroup section */
		59B1DB29160E5672000F4EFB = {
			isa = PBXGroup;
			children = (
				59B1DB3E160E5672000F4EFB /* TransitMaps */,
				59B1DB37160E5672000F4EFB /* Frameworks */,
				59B1DB35160E5672000F4EFB /* Products */,
			);
			sourceTree = "<group>";
		};
		59B1DB35160E5672000F4EFB /* Products */ = {
			isa = PBXGroup;
			children = (
				59B1DB34160E5672000F4EFB /* TransitMaps.app */,
			);
			name = Products;
			sourceTree = "<group>";
		};
		59B1DB37160E5672000F4EFB /* Frameworks */ = {
			isa = PBXGroup;
			children = (
				59B1DB60160E56B1000F4EFB /* CoreLocation.framework */,
				59B1DB5E160E56AC000F4EFB /* MapKit.framework */,
				59B1DB38160E5672000F4EFB /* UIKit.framework */,
				59B1DB3A160E5672000F4EFB /* Foundation.framework */,
				59B1DB3C160E5672000F4EFB /* CoreGraphics.framework */,
			);
			name = Frameworks;
			sourceTree = "<group>";
		};
		59B1DB3E160E5672000F4EFB /* TransitMaps */ = {
			isa = PBXGroup;
			children = (
				59B1DB6A160F62CA000F4EFB /* Support */,
				59B1DB47160E5672000F4EFB /* TMAppDelegate.h */,
				59B1DB48160E5672000F4EFB /* TMAppDelegate.m */,
				5932022F166AC4A900B7C8CC /* TMViewController.xib */,
				59B1DB56160E5672000F4EFB /* TMViewController.h */,
				59B1DB57160E5672000F4EFB /* TMViewController.m */,
				59B1DB3F160E5672000F4EFB /* Supporting Files */,
			);
			path = TransitMaps;
			sourceTree = "<group>";
		};
		59B1DB3F160E5672000F4EFB /* Supporting Files */ = {
			isa = PBXGroup;
			children = (
				59B1DB96161021E7000F4EFB /* annotationPoint.png */,
				59B1DB40160E5672000F4EFB /* TransitMaps-Info.plist */,
				59B1DB41160E5672000F4EFB /* InfoPlist.strings */,
				59B1DB44160E5672000F4EFB /* main.m */,
				59B1DB46160E5672000F4EFB /* TransitMaps-Prefix.pch */,
				59B1DB4A160E5672000F4EFB /* Default.png */,
				59B1DB4C160E5672000F4EFB /* Default@2x.png */,
				59B1DB4E160E5672000F4EFB /* Default-568h@2x.png */,
			);
			name = "Supporting Files";
			sourceTree = "<group>";
		};
		59B1DB6A160F62CA000F4EFB /* Support */ = {
			isa = PBXGroup;
			children = (
				5932022B166AAB6100B7C8CC /* MBProgressHUD.h */,
				5932022C166AAB6100B7C8CC /* MBProgressHUD.m */,
				59B1DB87160F9BD3000F4EFB /* Annotations */,
				59B1DB78160F8378000F4EFB /* Categories */,
				59B1DB6C160F738C000F4EFB /* TMTripSegment.h */,
				59B1DB6D160F738C000F4EFB /* TMTripSegment.m */,
				59B1DB72160F813C000F4EFB /* TMTrip.h */,
				59B1DB73160F813C000F4EFB /* TMTrip.m */,
			);
			name = Support;
			sourceTree = "<group>";
		};
		59B1DB78160F8378000F4EFB /* Categories */ = {
			isa = PBXGroup;
			children = (
				59B1DB7C160F847D000F4EFB /* CLLocation+GMapsLocationDecoding.h */,
				59B1DB7D160F847D000F4EFB /* CLLocation+GMapsLocationDecoding.m */,
				59B1DB6F160F7829000F4EFB /* NSString+StripHTMLTags.h */,
				59B1DB70160F7829000F4EFB /* NSString+StripHTMLTags.m */,
				59B1DB75160F8315000F4EFB /* NSString+GMapsPolylineDecoding.h */,
				59B1DB76160F8315000F4EFB /* NSString+GMapsPolylineDecoding.m */,
				59B1DB7F160F86D9000F4EFB /* MKPolyline+CLLocationArrayToMKOverlay.h */,
				59B1DB80160F86D9000F4EFB /* MKPolyline+CLLocationArrayToMKOverlay.m */,
			);
			name = Categories;
			sourceTree = "<group>";
		};
		59B1DB87160F9BD3000F4EFB /* Annotations */ = {
			isa = PBXGroup;
			children = (
				59B1DB88160F9BEF000F4EFB /* TMSegmentAnnotation.h */,
				59B1DB89160F9BEF000F4EFB /* TMSegmentAnnotation.m */,
				59B1DB9216101E65000F4EFB /* TMAnnotationImageHelper.h */,
				59B1DB9316101E65000F4EFB /* TMAnnotationImageHelper.m */,
			);
			name = Annotations;
			sourceTree = "<group>";
		};
/* End PBXGroup section */

/* Begin PBXNativeTarget section */
		59B1DB33160E5672000F4EFB /* TransitMaps */ = {
			isa = PBXNativeTarget;
			buildConfigurationList = 59B1DB5B160E5672000F4EFB /* Build configuration list for PBXNativeTarget "TransitMaps" */;
			buildPhases = (
				59B1DB30160E5672000F4EFB /* Sources */,
				59B1DB31160E5672000F4EFB /* Frameworks */,
				59B1DB32160E5672000F4EFB /* Resources */,
			);
			buildRules = (
			);
			dependencies = (
			);
			name = TransitMaps;
			productName = TransitMaps;
			productReference = 59B1DB34160E5672000F4EFB /* TransitMaps.app */;
			productType = "com.apple.product-type.application";
		};
/* End PBXNativeTarget section */

/* Begin PBXProject section */
		59B1DB2B160E5672000F4EFB /* Project object */ = {
			isa = PBXProject;
			attributes = {
				CLASSPREFIX = TM;
				LastUpgradeCheck = 0450;
				ORGANIZATIONNAME = ER;
			};
			buildConfigurationList = 59B1DB2E160E5672000F4EFB /* Build configuration list for PBXProject "TransitMaps" */;
			compatibilityVersion = "Xcode 3.2";
			developmentRegion = English;
			hasScannedForEncodings = 0;
			knownRegions = (
				en,
			);
			mainGroup = 59B1DB29160E5672000F4EFB;
			productRefGroup = 59B1DB35160E5672000F4EFB /* Products */;
			projectDirPath = "";
			projectRoot = "";
			targets = (
				59B1DB33160E5672000F4EFB /* TransitMaps */,
			);
		};
/* End PBXProject section */

/* Begin PBXResourcesBuildPhase section */
		59B1DB32160E5672000F4EFB /* Resources */ = {
			isa = PBXResourcesBuildPhase;
			buildActionMask = 2147483647;
			files = (
				59B1DB43160E5672000F4EFB /* InfoPlist.strings in Resources */,
				59B1DB4B160E5672000F4EFB /* Default.png in Resources */,
				59B1DB4D160E5672000F4EFB /* Default@2x.png in Resources */,
				59B1DB4F160E5672000F4EFB /* Default-568h@2x.png in Resources */,
				59B1DB97161021E7000F4EFB /* annotationPoint.png in Resources */,
				59320231166AC4A900B7C8CC /* TMViewController.xib in Resources */,
			);
			runOnlyForDeploymentPostprocessing = 0;
		};
/* End PBXResourcesBuildPhase section */

/* Begin PBXSourcesBuildPhase section */
		59B1DB30160E5672000F4EFB /* Sources */ = {
			isa = PBXSourcesBuildPhase;
			buildActionMask = 2147483647;
			files = (
				59B1DB45160E5672000F4EFB /* main.m in Sources */,
				59B1DB49160E5672000F4EFB /* TMAppDelegate.m in Sources */,
				59B1DB58160E5672000F4EFB /* TMViewController.m in Sources */,
				59B1DB6E160F738C000F4EFB /* TMTripSegment.m in Sources */,
				59B1DB71160F7829000F4EFB /* NSString+StripHTMLTags.m in Sources */,
				59B1DB74160F813C000F4EFB /* TMTrip.m in Sources */,
				59B1DB77160F8315000F4EFB /* NSString+GMapsPolylineDecoding.m in Sources */,
				59B1DB7E160F847D000F4EFB /* CLLocation+GMapsLocationDecoding.m in Sources */,
				59B1DB81160F86DA000F4EFB /* MKPolyline+CLLocationArrayToMKOverlay.m in Sources */,
				59B1DB8A160F9BEF000F4EFB /* TMSegmentAnnotation.m in Sources */,
				59B1DB9416101E65000F4EFB /* TMAnnotationImageHelper.m in Sources */,
				5932022D166AAB6100B7C8CC /* MBProgressHUD.m in Sources */,
			);
			runOnlyForDeploymentPostprocessing = 0;
		};
/* End PBXSourcesBuildPhase section */

/* Begin PBXVariantGroup section */
		5932022F166AC4A900B7C8CC /* TMViewController.xib */ = {
			isa = PBXVariantGroup;
			children = (
				59320230166AC4A900B7C8CC /* en */,
			);
			name = TMViewController.xib;
			path = ..;
			sourceTree = "<group>";
		};
		59B1DB41160E5672000F4EFB /* InfoPlist.strings */ = {
			isa = PBXVariantGroup;
			children = (
				59B1DB42160E5672000F4EFB /* en */,
			);
			name = InfoPlist.strings;
			sourceTree = "<group>";
		};
/* End PBXVariantGroup section */

/* Begin XCBuildConfiguration section */
		59B1DB59160E5672000F4EFB /* Debug */ = {
			isa = XCBuildConfiguration;
			buildSettings = {
				ALWAYS_SEARCH_USER_PATHS = NO;
				CLANG_CXX_LANGUAGE_STANDARD = "gnu++0x";
				CLANG_CXX_LIBRARY = "libc++";
				CLANG_ENABLE_OBJC_ARC = YES;
				CLANG_WARN_EMPTY_BODY = YES;
				CLANG_WARN__DUPLICATE_METHOD_MATCH = YES;
				"CODE_SIGN_IDENTITY[sdk=iphoneos*]" = "iPhone Developer";
				COPY_PHASE_STRIP = NO;
				GCC_C_LANGUAGE_STANDARD = gnu99;
				GCC_DYNAMIC_NO_PIC = NO;
				GCC_OPTIMIZATION_LEVEL = 0;
				GCC_PREPROCESSOR_DEFINITIONS = (
					"DEBUG=1",
					"$(inherited)",
				);
				GCC_SYMBOLS_PRIVATE_EXTERN = NO;
				GCC_WARN_ABOUT_RETURN_TYPE = YES;
				GCC_WARN_UNINITIALIZED_AUTOS = YES;
				GCC_WARN_UNUSED_VARIABLE = YES;
				IPHONEOS_DEPLOYMENT_TARGET = 6.0;
				SDKROOT = iphoneos;
				TARGETED_DEVICE_FAMILY = "1,2";
			};
			name = Debug;
		};
		59B1DB5A160E5672000F4EFB /* Release */ = {
			isa = XCBuildConfiguration;
			buildSettings = {
				ALWAYS_SEARCH_USER_PATHS = NO;
				CLANG_CXX_LANGUAGE_STANDARD = "gnu++0x";
				CLANG_CXX_LIBRARY = "libc++";
				CLANG_ENABLE_OBJC_ARC = YES;
				CLANG_WARN_EMPTY_BODY = YES;
				CLANG_WARN__DUPLICATE_METHOD_MATCH = YES;
				"CODE_SIGN_IDENTITY[sdk=iphoneos*]" = "iPhone Developer";
				COPY_PHASE_STRIP = YES;
				GCC_C_LANGUAGE_STANDARD = gnu99;
				GCC_WARN_ABOUT_RETURN_TYPE = YES;
				GCC_WARN_UNINITIALIZED_AUTOS = YES;
				GCC_WARN_UNUSED_VARIABLE = YES;
				IPHONEOS_DEPLOYMENT_TARGET = 6.0;
				OTHER_CFLAGS = "-DNS_BLOCK_ASSERTIONS=1";
				SDKROOT = iphoneos;
				TARGETED_DEVICE_FAMILY = "1,2";
				VALIDATE_PRODUCT = YES;
			};
			name = Release;
		};
		59B1DB5C160E5672000F4EFB /* Debug */ = {
			isa = XCBuildConfiguration;
			buildSettings = {
				GCC_PRECOMPILE_PREFIX_HEADER = YES;
				GCC_PREFIX_HEADER = "TransitMaps/TransitMaps-Prefix.pch";
				INFOPLIST_FILE = "TransitMaps/TransitMaps-Info.plist";
				PRODUCT_NAME = "$(TARGET_NAME)";
				TARGETED_DEVICE_FAMILY = 1;
				WRAPPER_EXTENSION = app;
			};
			name = Debug;
		};
		59B1DB5D160E5672000F4EFB /* Release */ = {
			isa = XCBuildConfiguration;
			buildSettings = {
				GCC_PRECOMPILE_PREFIX_HEADER = YES;
				GCC_PREFIX_HEADER = "TransitMaps/TransitMaps-Prefix.pch";
				INFOPLIST_FILE = "TransitMaps/TransitMaps-Info.plist";
				PRODUCT_NAME = "$(TARGET_NAME)";
				TARGETED_DEVICE_FAMILY = 1;
				WRAPPER_EXTENSION = app;
			};
			name = Release;
		};
/* End XCBuildConfiguration section */

/* Begin XCConfigurationList section */
		59B1DB2E160E5672000F4EFB /* Build configuration list for PBXProject "TransitMaps" */ = {
			isa = XCConfigurationList;
			buildConfigurations = (
				59B1DB59160E5672000F4EFB /* Debug */,
				59B1DB5A160E5672000F4EFB /* Release */,
			);
			defaultConfigurationIsVisible = 0;
			defaultConfigurationName = Release;
		};
		59B1DB5B160E5672000F4EFB /* Build configuration list for PBXNativeTarget "TransitMaps" */ = {
			isa = XCConfigurationList;
			buildConfigurations = (
				59B1DB5C160E5672000F4EFB /* Debug */,
				59B1DB5D160E5672000F4EFB /* Release */,
			);
			defaultConfigurationIsVisible = 0;
			defaultConfigurationName = Release;
		};
/* End XCConfigurationList section */
	};
	rootObject = 59B1DB2B160E5672000F4EFB /* Project object */;
}
